# This file was autogenerated by uv via the following command:
#    uv pip compile requirements/base.txt -o requirements/base.lock --python 3.9
-e .
    # via -r requirements/base.txt
antlr4-python3-runtime==4.9.3
    # via omegaconf
argcomplete==3.5.1
    # via pipx
click==8.1.7
    # via userpath
contourpy==1.3.0
    # via matplotlib
cycler==0.12.1
    # via matplotlib
fonttools==4.55.0
    # via matplotlib
importlib-resources==6.4.5
    # via matplotlib
joblib==1.4.2
    # via
    #   -r requirements/base.txt
    #   scikit-learn
kiwisolver==1.4.7
    # via matplotlib
loguru==0.7.2
    # via -r requirements/base.txt
matplotlib==3.9.2
    # via
    #   -r requirements/base.txt
    #   seaborn
numpy==2.0.2
    # via
    #   -r requirements/base.txt
    #   contourpy
    #   matplotlib
    #   pandas
    #   scikit-learn
    #   scipy
    #   seaborn
omegaconf==2.3.0
    # via -r requirements/base.txt
packaging==24.2
    # via
    #   matplotlib
    #   pipx
pandas==2.2.3
    # via
    #   -r requirements/base.txt
    #   seaborn
pillow==11.0.0
    # via matplotlib
pip==24.3.1
    # via -r requirements/base.txt
pipx==1.7.1
    # via pipeline
platformdirs==4.3.6
    # via pipx
pyarrow==18.0.0
    # via -r requirements/base.txt
pyparsing==3.2.0
    # via matplotlib
python-dateutil==2.9.0.post0
    # via
    #   matplotlib
    #   pandas
python-dotenv==1.0.1
    # via -r requirements/base.txt
pytz==2024.2
    # via pandas
pyyaml==6.0.2
    # via omegaconf
scikit-learn==1.5.2
    # via -r requirements/base.txt
scipy==1.13.1
    # via scikit-learn
seaborn==0.13.2
    # via -r requirements/base.txt
six==1.16.0
    # via python-dateutil
threadpoolctl==3.5.0
    # via scikit-learn
tomli==2.1.0
    # via pipx
tzdata==2024.2
    # via pandas
userpath==1.9.2
    # via pipx
zipp==3.21.0
    # via importlib-resources
