# This file was autogenerated by uv via the following command:
#    uv pip compile requirements/infrastruct.txt -o requirements/infrastruct.lock
boto3==1.35.63
    # via -r requirements/infrastruct.txt
botocore==1.35.63
    # via
    #   boto3
    #   s3transfer
jmespath==1.0.1
    # via
    #   boto3
    #   botocore
python-dateutil==2.9.0.post0
    # via botocore
s3transfer==0.10.3
    # via boto3
six==1.16.0
    # via python-dateutil
urllib3==1.26.20
    # via botocore
