# This file was autogenerated by uv via the following command:
#    uv pip compile requirements/ingest.txt -o requirements/ingest.lock
certifi==2024.8.30
    # via ucimlrepo
numpy==2.0.2
    # via pandas
pandas==2.2.3
    # via ucimlrepo
python-dateutil==2.9.0.post0
    # via pandas
pytz==2024.2
    # via pandas
six==1.16.0
    # via python-dateutil
tzdata==2024.2
    # via pandas
ucimlrepo==0.0.7
    # via -r requirements/ingest.txt
