# This file was autogenerated by uv via the following command:
#    uv pip compile requirements/preprocess.txt -o requirements/preprocess.lock
contourpy==1.3.0
    # via matplotlib
cycler==0.12.1
    # via matplotlib
fonttools==4.55.0
    # via matplotlib
importlib-resources==6.4.5
    # via matplotlib
joblib==1.4.2
    # via scikit-learn
kiwisolver==1.4.7
    # via matplotlib
matplotlib==3.9.2
    # via seaborn
numpy==2.0.2
    # via
    #   -r requirements/preprocess.txt
    #   contourpy
    #   matplotlib
    #   pandas
    #   scikit-learn
    #   scipy
    #   seaborn
packaging==24.2
    # via matplotlib
pandas==2.2.3
    # via
    #   -r requirements/preprocess.txt
    #   seaborn
pillow==11.0.0
    # via matplotlib
pyarrow==18.0.0
    # via -r requirements/preprocess.txt
pyparsing==3.2.0
    # via matplotlib
python-dateutil==2.9.0.post0
    # via
    #   matplotlib
    #   pandas
pytz==2024.2
    # via pandas
scikit-learn==1.5.2
    # via -r requirements/preprocess.txt
scipy==1.13.1
    # via scikit-learn
seaborn==0.13.2
    # via -r requirements/preprocess.txt
six==1.16.0
    # via python-dateutil
threadpoolctl==3.5.0
    # via scikit-learn
tzdata==2024.2
    # via pandas
zipp==3.21.0
    # via importlib-resources
